
Microsoft Visual Studio Solution File, Format Version 12.00
# Visual Studio Version 17
VisualStudioVersion = 17.4.33213.308
MinimumVisualStudioVersion = 10.0.40219.1
Project("{9A19103F-16F7-4668-BE54-9A1E7A4F7556}") = "MediaStore.Server", "MediaStore\Server\MediaStore.Server.csproj", "{9104E067-B574-4A51-AC33-89550ED4BB45}"
EndProject
Project("{9A19103F-16F7-4668-BE54-9A1E7A4F7556}") = "MediaStore.Client", "MediaStore\Client\MediaStore.Client.csproj", "{AE50C253-C42F-4DED-8AB7-7FED426738A0}"
EndProject
Project("{9A19103F-16F7-4668-BE54-9A1E7A4F7556}") = "MediaStore.Shared", "MediaStore\Shared\MediaStore.Shared.csproj", "{19AFCFDA-B791-424F-B9B0-FC5D3BE279DE}"
EndProject
Global
	GlobalSection(SolutionConfigurationPlatforms) = preSolution
		Debug|Any CPU = Debug|Any CPU
		Release|Any CPU = Release|Any CPU
	EndGlobalSection
	GlobalSection(ProjectConfigurationPlatforms) = postSolution
		{9104E067-B574-4A51-AC33-89550ED4BB45}.Debug|Any CPU.ActiveCfg = Debug|Any CPU
		{9104E067-B574-4A51-AC33-89550ED4BB45}.Debug|Any CPU.Build.0 = Debug|Any CPU
		{9104E067-B574-4A51-AC33-89550ED4BB45}.Release|Any CPU.ActiveCfg = Release|Any CPU
		{9104E067-B574-4A51-AC33-89550ED4BB45}.Release|Any CPU.Build.0 = Release|Any CPU
		{AE50C253-C42F-4DED-8AB7-7FED426738A0}.Debug|Any CPU.ActiveCfg = Debug|Any CPU
		{AE50C253-C42F-4DED-8AB7-7FED426738A0}.Debug|Any CPU.Build.0 = Debug|Any CPU
		{AE50C253-C42F-4DED-8AB7-7FED426738A0}.Release|Any CPU.ActiveCfg = Release|Any CPU
		{AE50C253-C42F-4DED-8AB7-7FED426738A0}.Release|Any CPU.Build.0 = Release|Any CPU
		{19AFCFDA-B791-424F-B9B0-FC5D3BE279DE}.Debug|Any CPU.ActiveCfg = Debug|Any CPU
		{19AFCFDA-B791-424F-B9B0-FC5D3BE279DE}.Debug|Any CPU.Build.0 = Debug|Any CPU
		{19AFCFDA-B791-424F-B9B0-FC5D3BE279DE}.Release|Any CPU.ActiveCfg = Release|Any CPU
		{19AFCFDA-B791-424F-B9B0-FC5D3BE279DE}.Release|Any CPU.Build.0 = Release|Any CPU
	EndGlobalSection
	GlobalSection(SolutionProperties) = preSolution
		HideSolutionNode = FALSE
	EndGlobalSection
	GlobalSection(ExtensibilityGlobals) = postSolution
		SolutionGuid = {8DD09EF9-4FEE-4E54-ADB1-CB3D40F9DDDB}
	EndGlobalSection
EndGlobal
